
Microsoft Visual Studio Solution File, Format Version 12.00
# Visual Studio Version 16
VisualStudioVersion = 16.0.30320.27
MinimumVisualStudioVersion = 10.0.40219.1
Project("{FAE04EC0-301F-11D3-BF4B-00C04F79EFBC}") = "EfCore.WebApi", "EfCore.WebApi\EfCore.WebApi.csproj", "{9E9CD1BE-0F88-489B-9F07-E3D7C7BB0055}"
EndProject
Global
	GlobalSection(SolutionConfigurationPlatforms) = preSolution
		Debug|Any CPU = Debug|Any CPU
		Release|Any CPU = Release|Any CPU
	EndGlobalSection
	GlobalSection(ProjectConfigurationPlatforms) = postSolution
		{9E9CD1BE-0F88-489B-9F07-E3D7C7BB0055}.Debug|Any CPU.ActiveCfg = Debug|Any CPU
		{9E9CD1BE-0F88-489B-9F07-E3D7C7BB0055}.Debug|Any CPU.Build.0 = Debug|Any CPU
		{9E9CD1BE-0F88-489B-9F07-E3D7C7BB0055}.Release|Any CPU.ActiveCfg = Release|Any CPU
		{9E9CD1BE-0F88-489B-9F07-E3D7C7BB0055}.Release|Any CPU.Build.0 = Release|Any CPU
	EndGlobalSection
	GlobalSection(SolutionProperties) = preSolution
		HideSolutionNode = FALSE
	EndGlobalSection
	GlobalSection(ExtensibilityGlobals) = postSolution
		SolutionGuid = {C9FEB909-0D66-495D-895A-02E504FD04D8}
	EndGlobalSection
EndGlobal
